// !$*UTF8*$!
{
	archiveVersion = 1;
	classes = {
	};
	objectVersion = 46;
	objects = {

/* Begin PBXBuildFile section */
		8D4C969A15A6FC53001C0B98 /* yui.jpg in Resources */ = {isa = PBXBuildFile; fileRef = 8D4C969915A6FC53001C0B98 /* yui.jpg */; };
		8D4C96A115A70DC9001C0B98 /* MobileCoreServices.framework in Frameworks */ = {isa = PBXBuildFile; fileRef = 8D4C96A015A70DC9001C0B98 /* MobileCoreServices.framework */; };
		8D4C96AF15A74E2C001C0B98 /* CustomUIImagePickerController.m in Sources */ = {isa = PBXBuildFile; fileRef = 8D4C96AD15A74E2C001C0B98 /* CustomUIImagePickerController.m */; };
		8D4C96B015A74E2C001C0B98 /* CustomUIImagePickerController.xib in Resources */ = {isa = PBXBuildFile; fileRef = 8D4C96AE15A74E2C001C0B98 /* CustomUIImagePickerController.xib */; };
		8D4C96B715A755AD001C0B98 /* AVFoundation.framework in Frameworks */ = {isa = PBXBuildFile; fileRef = 8D4C96B615A755AD001C0B98 /* AVFoundation.framework */; };
		8D4C96D815A7F5C8001C0B98 /* CoreVideo.framework in Frameworks */ = {isa = PBXBuildFile; fileRef = 8D4C96D715A7F5C8001C0B98 /* CoreVideo.framework */; };
		8D4C96DA15A7F752001C0B98 /* CoreMedia.framework in Frameworks */ = {isa = PBXBuildFile; fileRef = 8D4C96D915A7F751001C0B98 /* CoreMedia.framework */; };
		8D4C96DE15A7F89E001C0B98 /* CustomCameraViewController.m in Sources */ = {isa = PBXBuildFile; fileRef = 8D4C96DC15A7F89E001C0B98 /* CustomCameraViewController.m */; };
		8D4C96DF15A7F89E001C0B98 /* CustomCameraViewController.xib in Resources */ = {isa = PBXBuildFile; fileRef = 8D4C96DD15A7F89E001C0B98 /* CustomCameraViewController.xib */; };
		8D4C96EA15A87098001C0B98 /* t_hero.png in Resources */ = {isa = PBXBuildFile; fileRef = 8D4C96E915A87098001C0B98 /* t_hero.png */; };
		8D4C96EC15A88AEE001C0B98 /* facefole2.png in Resources */ = {isa = PBXBuildFile; fileRef = 8D4C96EB15A88AED001C0B98 /* facefole2.png */; };
		8D4C96EE15A88F7A001C0B98 /* facefole3.png in Resources */ = {isa = PBXBuildFile; fileRef = 8D4C96ED15A88F7A001C0B98 /* facefole3.png */; };
		8D4C96F015A8965A001C0B98 /* faceHole.png in Resources */ = {isa = PBXBuildFile; fileRef = 8D4C96EF15A8965A001C0B98 /* faceHole.png */; };
		8D89327E15A6F34700D3102A /* UIKit.framework in Frameworks */ = {isa = PBXBuildFile; fileRef = 8D89327D15A6F34700D3102A /* UIKit.framework */; };
		8D89328015A6F34700D3102A /* Foundation.framework in Frameworks */ = {isa = PBXBuildFile; fileRef = 8D89327F15A6F34700D3102A /* Foundation.framework */; };
		8D89328215A6F34700D3102A /* CoreGraphics.framework in Frameworks */ = {isa = PBXBuildFile; fileRef = 8D89328115A6F34700D3102A /* CoreGraphics.framework */; };
		8D89328815A6F34700D3102A /* InfoPlist.strings in Resources */ = {isa = PBXBuildFile; fileRef = 8D89328615A6F34700D3102A /* InfoPlist.strings */; };
		8D89328A15A6F34700D3102A /* main.m in Sources */ = {isa = PBXBuildFile; fileRef = 8D89328915A6F34700D3102A /* main.m */; };
		8D89328E15A6F34700D3102A /* AppDelegate.m in Sources */ = {isa = PBXBuildFile; fileRef = 8D89328D15A6F34700D3102A /* AppDelegate.m */; };
		8D89329115A6F34700D3102A /* MainStoryboard.storyboard in Resources */ = {isa = PBXBuildFile; fileRef = 8D89328F15A6F34700D3102A /* MainStoryboard.storyboard */; };
		8D89329415A6F34700D3102A /* ViewController.m in Sources */ = {isa = PBXBuildFile; fileRef = 8D89329315A6F34700D3102A /* ViewController.m */; };
		8DBA2D4C15A9541400D8AD71 /* Icon_Flip_Camera.png in Resources */ = {isa = PBXBuildFile; fileRef = 8DBA2D4B15A9541400D8AD71 /* Icon_Flip_Camera.png */; };
		8DBA2D4F15A9548500D8AD71 /* Icon_Flip_Camera2.png in Resources */ = {isa = PBXBuildFile; fileRef = 8DBA2D4E15A9548500D8AD71 /* Icon_Flip_Camera2.png */; };
		8DBA2D5C15A9665800D8AD71 /* AudioToolbox.framework in Frameworks */ = {isa = PBXBuildFile; fileRef = 8DBA2D5B15A9665800D8AD71 /* AudioToolbox.framework */; };
		8DBA2D5E15A9671400D8AD71 /* camera.wav in Resources */ = {isa = PBXBuildFile; fileRef = 8DBA2D5D15A9671400D8AD71 /* camera.wav */; };
		8DBA2D6015A96A2800D8AD71 /* camera2.wav in Resources */ = {isa = PBXBuildFile; fileRef = 8DBA2D5F15A96A2800D8AD71 /* camera2.wav */; };
		8DBA2D6515A96AE500D8AD71 /* camera3.wav in Resources */ = {isa = PBXBuildFile; fileRef = 8DBA2D6415A96AE500D8AD71 /* camera3.wav */; };
		8DBA2D6715A96B6400D8AD71 /* Pop.aiff in Resources */ = {isa = PBXBuildFile; fileRef = 8DBA2D6615A96B6400D8AD71 /* Pop.aiff */; };
/* End PBXBuildFile section */

/* Begin PBXFileReference section */
		8D4C969915A6FC53001C0B98 /* yui.jpg */ = {isa = PBXFileReference; lastKnownFileType = image.jpeg; path = yui.jpg; sourceTree = "<group>"; };
		8D4C96A015A70DC9001C0B98 /* MobileCoreServices.framework */ = {isa = PBXFileReference; lastKnownFileType = wrapper.framework; name = MobileCoreServices.framework; path = System/Library/Frameworks/MobileCoreServices.framework; sourceTree = SDKROOT; };
		8D4C96AC15A74E2C001C0B98 /* CustomUIImagePickerController.h */ = {isa = PBXFileReference; fileEncoding = 4; lastKnownFileType = sourcecode.c.h; path = CustomUIImagePickerController.h; sourceTree = "<group>"; };
		8D4C96AD15A74E2C001C0B98 /* CustomUIImagePickerController.m */ = {isa = PBXFileReference; fileEncoding = 4; lastKnownFileType = sourcecode.c.objc; path = CustomUIImagePickerController.m; sourceTree = "<group>"; };
		8D4C96AE15A74E2C001C0B98 /* CustomUIImagePickerController.xib */ = {isa = PBXFileReference; fileEncoding = 4; lastKnownFileType = file.xib; path = CustomUIImagePickerController.xib; sourceTree = "<group>"; };
		8D4C96B615A755AD001C0B98 /* AVFoundation.framework */ = {isa = PBXFileReference; lastKnownFileType = wrapper.framework; name = AVFoundation.framework; path = System/Library/Frameworks/AVFoundation.framework; sourceTree = SDKROOT; };
		8D4C96D715A7F5C8001C0B98 /* CoreVideo.framework */ = {isa = PBXFileReference; lastKnownFileType = wrapper.framework; name = CoreVideo.framework; path = System/Library/Frameworks/CoreVideo.framework; sourceTree = SDKROOT; };
		8D4C96D915A7F751001C0B98 /* CoreMedia.framework */ = {isa = PBXFileReference; lastKnownFileType = wrapper.framework; name = CoreMedia.framework; path = System/Library/Frameworks/CoreMedia.framework; sourceTree = SDKROOT; };
		8D4C96DB15A7F89E001C0B98 /* CustomCameraViewController.h */ = {isa = PBXFileReference; fileEncoding = 4; lastKnownFileType = sourcecode.c.h; path = CustomCameraViewController.h; sourceTree = "<group>"; };
		8D4C96DC15A7F89E001C0B98 /* CustomCameraViewController.m */ = {isa = PBXFileReference; fileEncoding = 4; lastKnownFileType = sourcecode.c.objc; path = CustomCameraViewController.m; sourceTree = "<group>"; };
		8D4C96DD15A7F89E001C0B98 /* CustomCameraViewController.xib */ = {isa = PBXFileReference; fileEncoding = 4; lastKnownFileType = file.xib; path = CustomCameraViewController.xib; sourceTree = "<group>"; };
		8D4C96E915A87098001C0B98 /* t_hero.png */ = {isa = PBXFileReference; lastKnownFileType = image.png; path = t_hero.png; sourceTree = "<group>"; };
		8D4C96EB15A88AED001C0B98 /* facefole2.png */ = {isa = PBXFileReference; lastKnownFileType = image.png; path = facefole2.png; sourceTree = "<group>"; };
		8D4C96ED15A88F7A001C0B98 /* facefole3.png */ = {isa = PBXFileReference; lastKnownFileType = image.png; path = facefole3.png; sourceTree = "<group>"; };
		8D4C96EF15A8965A001C0B98 /* faceHole.png */ = {isa = PBXFileReference; lastKnownFileType = image.png; path = faceHole.png; sourceTree = "<group>"; };
		8D89327915A6F34700D3102A /* Face Hole.app */ = {isa = PBXFileReference; explicitFileType = wrapper.application; includeInIndex = 0; path = "Face Hole.app"; sourceTree = BUILT_PRODUCTS_DIR; };
		8D89327D15A6F34700D3102A /* UIKit.framework */ = {isa = PBXFileReference; lastKnownFileType = wrapper.framework; name = UIKit.framework; path = System/Library/Frameworks/UIKit.framework; sourceTree = SDKROOT; };
		8D89327F15A6F34700D3102A /* Foundation.framework */ = {isa = PBXFileReference; lastKnownFileType = wrapper.framework; name = Foundation.framework; path = System/Library/Frameworks/Foundation.framework; sourceTree = SDKROOT; };
		8D89328115A6F34700D3102A /* CoreGraphics.framework */ = {isa = PBXFileReference; lastKnownFileType = wrapper.framework; name = CoreGraphics.framework; path = System/Library/Frameworks/CoreGraphics.framework; sourceTree = SDKROOT; };
		8D89328515A6F34700D3102A /* Face Hole-Info.plist */ = {isa = PBXFileReference; lastKnownFileType = text.plist.xml; path = "Face Hole-Info.plist"; sourceTree = "<group>"; };
		8D89328715A6F34700D3102A /* en */ = {isa = PBXFileReference; lastKnownFileType = text.plist.strings; name = en; path = en.lproj/InfoPlist.strings; sourceTree = "<group>"; };
		8D89328915A6F34700D3102A /* main.m */ = {isa = PBXFileReference; lastKnownFileType = sourcecode.c.objc; path = main.m; sourceTree = "<group>"; };
		8D89328B15A6F34700D3102A /* Face Hole-Prefix.pch */ = {isa = PBXFileReference; lastKnownFileType = sourcecode.c.h; path = "Face Hole-Prefix.pch"; sourceTree = "<group>"; };
		8D89328C15A6F34700D3102A /* AppDelegate.h */ = {isa = PBXFileReference; lastKnownFileType = sourcecode.c.h; path = AppDelegate.h; sourceTree = "<group>"; };
		8D89328D15A6F34700D3102A /* AppDelegate.m */ = {isa = PBXFileReference; lastKnownFileType = sourcecode.c.objc; path = AppDelegate.m; sourceTree = "<group>"; };
		8D89329015A6F34700D3102A /* en */ = {isa = PBXFileReference; lastKnownFileType = file.storyboard; name = en; path = en.lproj/MainStoryboard.storyboard; sourceTree = "<group>"; };
		8D89329215A6F34700D3102A /* ViewController.h */ = {isa = PBXFileReference; lastKnownFileType = sourcecode.c.h; path = ViewController.h; sourceTree = "<group>"; };
		8D89329315A6F34700D3102A /* ViewController.m */ = {isa = PBXFileReference; lastKnownFileType = sourcecode.c.objc; path = ViewController.m; sourceTree = "<group>"; };
		8DBA2D4B15A9541400D8AD71 /* Icon_Flip_Camera.png */ = {isa = PBXFileReference; lastKnownFileType = image.png; path = Icon_Flip_Camera.png; sourceTree = "<group>"; };
		8DBA2D4E15A9548500D8AD71 /* Icon_Flip_Camera2.png */ = {isa = PBXFileReference; lastKnownFileType = image.png; path = Icon_Flip_Camera2.png; sourceTree = "<group>"; };
		8DBA2D5B15A9665800D8AD71 /* AudioToolbox.framework */ = {isa = PBXFileReference; lastKnownFileType = wrapper.framework; name = AudioToolbox.framework; path = System/Library/Frameworks/AudioToolbox.framework; sourceTree = SDKROOT; };
		8DBA2D5D15A9671400D8AD71 /* camera.wav */ = {isa = PBXFileReference; lastKnownFileType = audio.wav; path = camera.wav; sourceTree = "<group>"; };
		8DBA2D5F15A96A2800D8AD71 /* camera2.wav */ = {isa = PBXFileReference; lastKnownFileType = audio.wav; path = camera2.wav; sourceTree = "<group>"; };
		8DBA2D6415A96AE500D8AD71 /* camera3.wav */ = {isa = PBXFileReference; lastKnownFileType = audio.wav; path = camera3.wav; sourceTree = "<group>"; };
		8DBA2D6615A96B6400D8AD71 /* Pop.aiff */ = {isa = PBXFileReference; lastKnownFileType = audio.aiff; path = Pop.aiff; sourceTree = "<group>"; };
/* End PBXFileReference section */

/* Begin PBXFrameworksBuildPhase section */
		8D89327615A6F34700D3102A /* Frameworks */ = {
			isa = PBXFrameworksBuildPhase;
			buildActionMask = 2147483647;
			files = (
				8DBA2D5C15A9665800D8AD71 /* AudioToolbox.framework in Frameworks */,
				8D4C96DA15A7F752001C0B98 /* CoreMedia.framework in Frameworks */,
				8D4C96D815A7F5C8001C0B98 /* CoreVideo.framework in Frameworks */,
				8D4C96B715A755AD001C0B98 /* AVFoundation.framework in Frameworks */,
				8D4C96A115A70DC9001C0B98 /* MobileCoreServices.framework in Frameworks */,
				8D89327E15A6F34700D3102A /* UIKit.framework in Frameworks */,
				8D89328015A6F34700D3102A /* Foundation.framework in Frameworks */,
				8D89328215A6F34700D3102A /* CoreGraphics.framework in Frameworks */,
			);
			runOnlyForDeploymentPostprocessing = 0;
		};
/* End PBXFrameworksBuildPhase section */

/* Begin PBXGroup section */
		8D4C96E415A7FE69001C0B98 /* unused */ = {
			isa = PBXGroup;
			children = (
				8D4C96AC15A74E2C001C0B98 /* CustomUIImagePickerController.h */,
				8D4C96AD15A74E2C001C0B98 /* CustomUIImagePickerController.m */,
				8D4C96AE15A74E2C001C0B98 /* CustomUIImagePickerController.xib */,
			);
			name = unused;
			sourceTree = "<group>";
		};
		8D89326E15A6F34700D3102A = {
			isa = PBXGroup;
			children = (
				8D4C96ED15A88F7A001C0B98 /* facefole3.png */,
				8D4C96EB15A88AED001C0B98 /* facefole2.png */,
				8D89328315A6F34700D3102A /* Face Hole */,
				8D89327C15A6F34700D3102A /* Frameworks */,
				8D89327A15A6F34700D3102A /* Products */,
			);
			sourceTree = "<group>";
		};
		8D89327A15A6F34700D3102A /* Products */ = {
			isa = PBXGroup;
			children = (
				8D89327915A6F34700D3102A /* Face Hole.app */,
			);
			name = Products;
			sourceTree = "<group>";
		};
		8D89327C15A6F34700D3102A /* Frameworks */ = {
			isa = PBXGroup;
			children = (
				8DBA2D5B15A9665800D8AD71 /* AudioToolbox.framework */,
				8D4C96D915A7F751001C0B98 /* CoreMedia.framework */,
				8D4C96D715A7F5C8001C0B98 /* CoreVideo.framework */,
				8D4C96B615A755AD001C0B98 /* AVFoundation.framework */,
				8D4C96A015A70DC9001C0B98 /* MobileCoreServices.framework */,
				8D89327D15A6F34700D3102A /* UIKit.framework */,
				8D89327F15A6F34700D3102A /* Foundation.framework */,
				8D89328115A6F34700D3102A /* CoreGraphics.framework */,
			);
			name = Frameworks;
			sourceTree = "<group>";
		};
		8D89328315A6F34700D3102A /* Face Hole */ = {
			isa = PBXGroup;
			children = (
				8D4C96E415A7FE69001C0B98 /* unused */,
				8D89328C15A6F34700D3102A /* AppDelegate.h */,
				8D89328D15A6F34700D3102A /* AppDelegate.m */,
				8D89328F15A6F34700D3102A /* MainStoryboard.storyboard */,
				8D89329215A6F34700D3102A /* ViewController.h */,
				8D89329315A6F34700D3102A /* ViewController.m */,
				8D89328415A6F34700D3102A /* Supporting Files */,
				8D4C96DB15A7F89E001C0B98 /* CustomCameraViewController.h */,
				8D4C96DC15A7F89E001C0B98 /* CustomCameraViewController.m */,
				8D4C96DD15A7F89E001C0B98 /* CustomCameraViewController.xib */,
			);
			path = "Face Hole";
			sourceTree = "<group>";
		};
		8D89328415A6F34700D3102A /* Supporting Files */ = {
			isa = PBXGroup;
			children = (
				8DBA2D6615A96B6400D8AD71 /* Pop.aiff */,
				8DBA2D6415A96AE500D8AD71 /* camera3.wav */,
				8DBA2D5F15A96A2800D8AD71 /* camera2.wav */,
				8DBA2D5D15A9671400D8AD71 /* camera.wav */,
				8DBA2D4E15A9548500D8AD71 /* Icon_Flip_Camera2.png */,
				8DBA2D4B15A9541400D8AD71 /* Icon_Flip_Camera.png */,
				8D4C96EF15A8965A001C0B98 /* faceHole.png */,
				8D4C96E915A87098001C0B98 /* t_hero.png */,
				8D4C969915A6FC53001C0B98 /* yui.jpg */,
				8D89328515A6F34700D3102A /* Face Hole-Info.plist */,
				8D89328615A6F34700D3102A /* InfoPlist.strings */,
				8D89328915A6F34700D3102A /* main.m */,
				8D89328B15A6F34700D3102A /* Face Hole-Prefix.pch */,
			);
			name = "Supporting Files";
			sourceTree = "<group>";
		};
/* End PBXGroup section */

/* Begin PBXNativeTarget section */
		8D89327815A6F34700D3102A /* Face Hole */ = {
			isa = PBXNativeTarget;
			buildConfigurationList = 8D89329715A6F34700D3102A /* Build configuration list for PBXNativeTarget "Face Hole" */;
			buildPhases = (
				8D89327515A6F34700D3102A /* Sources */,
				8D89327615A6F34700D3102A /* Frameworks */,
				8D89327715A6F34700D3102A /* Resources */,
			);
			buildRules = (
			);
			dependencies = (
			);
			name = "Face Hole";
			productName = "Face Hole";
			productReference = 8D89327915A6F34700D3102A /* Face Hole.app */;
			productType = "com.apple.product-type.application";
		};
/* End PBXNativeTarget section */

/* Begin PBXProject section */
		8D89327015A6F34700D3102A /* Project object */ = {
			isa = PBXProject;
			attributes = {
				LastUpgradeCheck = 0450;
				ORGANIZATIONNAME = "Yuta Toga";
			};
			buildConfigurationList = 8D89327315A6F34700D3102A /* Build configuration list for PBXProject "Face Hole" */;
			compatibilityVersion = "Xcode 3.2";
			developmentRegion = English;
			hasScannedForEncodings = 0;
			knownRegions = (
				en,
			);
			mainGroup = 8D89326E15A6F34700D3102A;
			productRefGroup = 8D89327A15A6F34700D3102A /* Products */;
			projectDirPath = "";
			projectRoot = "";
			targets = (
				8D89327815A6F34700D3102A /* Face Hole */,
			);
		};
/* End PBXProject section */

/* Begin PBXResourcesBuildPhase section */
		8D89327715A6F34700D3102A /* Resources */ = {
			isa = PBXResourcesBuildPhase;
			buildActionMask = 2147483647;
			files = (
				8D89328815A6F34700D3102A /* InfoPlist.strings in Resources */,
				8D89329115A6F34700D3102A /* MainStoryboard.storyboard in Resources */,
				8D4C969A15A6FC53001C0B98 /* yui.jpg in Resources */,
				8D4C96B015A74E2C001C0B98 /* CustomUIImagePickerController.xib in Resources */,
				8D4C96DF15A7F89E001C0B98 /* CustomCameraViewController.xib in Resources */,
				8D4C96EA15A87098001C0B98 /* t_hero.png in Resources */,
				8D4C96EC15A88AEE001C0B98 /* facefole2.png in Resources */,
				8D4C96EE15A88F7A001C0B98 /* facefole3.png in Resources */,
				8D4C96F015A8965A001C0B98 /* faceHole.png in Resources */,
				8DBA2D4C15A9541400D8AD71 /* Icon_Flip_Camera.png in Resources */,
				8DBA2D4F15A9548500D8AD71 /* Icon_Flip_Camera2.png in Resources */,
				8DBA2D5E15A9671400D8AD71 /* camera.wav in Resources */,
				8DBA2D6015A96A2800D8AD71 /* camera2.wav in Resources */,
				8DBA2D6515A96AE500D8AD71 /* camera3.wav in Resources */,
				8DBA2D6715A96B6400D8AD71 /* Pop.aiff in Resources */,
			);
			runOnlyForDeploymentPostprocessing = 0;
		};
/* End PBXResourcesBuildPhase section */

/* Begin PBXSourcesBuildPhase section */
		8D89327515A6F34700D3102A /* Sources */ = {
			isa = PBXSourcesBuildPhase;
			buildActionMask = 2147483647;
			files = (
				8D89328A15A6F34700D3102A /* main.m in Sources */,
				8D89328E15A6F34700D3102A /* AppDelegate.m in Sources */,
				8D89329415A6F34700D3102A /* ViewController.m in Sources */,
				8D4C96AF15A74E2C001C0B98 /* CustomUIImagePickerController.m in Sources */,
				8D4C96DE15A7F89E001C0B98 /* CustomCameraViewController.m in Sources */,
			);
			runOnlyForDeploymentPostprocessing = 0;
		};
/* End PBXSourcesBuildPhase section */

/* Begin PBXVariantGroup section */
		8D89328615A6F34700D3102A /* InfoPlist.strings */ = {
			isa = PBXVariantGroup;
			children = (
				8D89328715A6F34700D3102A /* en */,
			);
			name = InfoPlist.strings;
			sourceTree = "<group>";
		};
		8D89328F15A6F34700D3102A /* MainStoryboard.storyboard */ = {
			isa = PBXVariantGroup;
			children = (
				8D89329015A6F34700D3102A /* en */,
			);
			name = MainStoryboard.storyboard;
			sourceTree = "<group>";
		};
/* End PBXVariantGroup section */

/* Begin XCBuildConfiguration section */
		8D89329515A6F34700D3102A /* Debug */ = {
			isa = XCBuildConfiguration;
			buildSettings = {
				ALWAYS_SEARCH_USER_PATHS = NO;
				CLANG_CXX_LANGUAGE_STANDARD = "gnu++0x";
				CLANG_ENABLE_OBJC_ARC = YES;
				CLANG_WARN__DUPLICATE_METHOD_MATCH = YES;
				"CODE_SIGN_IDENTITY[sdk=iphoneos*]" = "iPhone Developer";
				COPY_PHASE_STRIP = NO;
				GCC_C_LANGUAGE_STANDARD = gnu99;
				GCC_DYNAMIC_NO_PIC = NO;
				GCC_OPTIMIZATION_LEVEL = 0;
				GCC_PREPROCESSOR_DEFINITIONS = (
					"DEBUG=1",
					"$(inherited)",
				);
				GCC_SYMBOLS_PRIVATE_EXTERN = NO;
				GCC_WARN_ABOUT_RETURN_TYPE = YES;
				GCC_WARN_UNINITIALIZED_AUTOS = YES;
				GCC_WARN_UNUSED_VARIABLE = YES;
				IPHONEOS_DEPLOYMENT_TARGET = 6.0;
				SDKROOT = iphoneos;
			};
			name = Debug;
		};
		8D89329615A6F34700D3102A /* Release */ = {
			isa = XCBuildConfiguration;
			buildSettings = {
				ALWAYS_SEARCH_USER_PATHS = NO;
				CLANG_CXX_LANGUAGE_STANDARD = "gnu++0x";
				CLANG_ENABLE_OBJC_ARC = YES;
				CLANG_WARN__DUPLICATE_METHOD_MATCH = YES;
				"CODE_SIGN_IDENTITY[sdk=iphoneos*]" = "iPhone Developer";
				COPY_PHASE_STRIP = YES;
				GCC_C_LANGUAGE_STANDARD = gnu99;
				GCC_WARN_ABOUT_RETURN_TYPE = YES;
				GCC_WARN_UNINITIALIZED_AUTOS = YES;
				GCC_WARN_UNUSED_VARIABLE = YES;
				IPHONEOS_DEPLOYMENT_TARGET = 6.0;
				OTHER_CFLAGS = "-DNS_BLOCK_ASSERTIONS=1";
				SDKROOT = iphoneos;
				VALIDATE_PRODUCT = YES;
			};
			name = Release;
		};
		8D89329815A6F34700D3102A /* Debug */ = {
			isa = XCBuildConfiguration;
			buildSettings = {
				GCC_PRECOMPILE_PREFIX_HEADER = YES;
				GCC_PREFIX_HEADER = "Face Hole/Face Hole-Prefix.pch";
				INFOPLIST_FILE = "Face Hole/Face Hole-Info.plist";
				PRODUCT_NAME = "$(TARGET_NAME)";
				VALID_ARCHS = armv7;
				WRAPPER_EXTENSION = app;
			};
			name = Debug;
		};
		8D89329915A6F34700D3102A /* Release */ = {
			isa = XCBuildConfiguration;
			buildSettings = {
				GCC_PRECOMPILE_PREFIX_HEADER = YES;
				GCC_PREFIX_HEADER = "Face Hole/Face Hole-Prefix.pch";
				INFOPLIST_FILE = "Face Hole/Face Hole-Info.plist";
				PRODUCT_NAME = "$(TARGET_NAME)";
				VALID_ARCHS = armv7;
				WRAPPER_EXTENSION = app;
			};
			name = Release;
		};
/* End XCBuildConfiguration section */

/* Begin XCConfigurationList section */
		8D89327315A6F34700D3102A /* Build configuration list for PBXProject "Face Hole" */ = {
			isa = XCConfigurationList;
			buildConfigurations = (
				8D89329515A6F34700D3102A /* Debug */,
				8D89329615A6F34700D3102A /* Release */,
			);
			defaultConfigurationIsVisible = 0;
			defaultConfigurationName = Release;
		};
		8D89329715A6F34700D3102A /* Build configuration list for PBXNativeTarget "Face Hole" */ = {
			isa = XCConfigurationList;
			buildConfigurations = (
				8D89329815A6F34700D3102A /* Debug */,
				8D89329915A6F34700D3102A /* Release */,
			);
			defaultConfigurationIsVisible = 0;
			defaultConfigurationName = Release;
		};
/* End XCConfigurationList section */
	};
	rootObject = 8D89327015A6F34700D3102A /* Project object */;
}
